Microsoft Visual Studio Solution File, Format Version 12.00
# Visual Studio Version 17
VisualStudioVersion = 17.8.34511.84
MinimumVisualStudioVersion = 10.0.40219.1
Project("{9A19103F-16F7-4668-BE54-9A1E7A4F7556}") = "Api", "Api.csproj", "{E3F7B49D-A385-4457-B6B5-A8E3BE6B3654}"
EndProject
Project("{9A19103F-16F7-4668-BE54-9A1E7A4F7556}") = "Application", "..\Application\Application.csproj", "{4F21A0EC-3412-4B7E-9667-8281D6872F7F}"
EndProject
Project("{9A19103F-16F7-4668-BE54-9A1E7A4F7556}") = "Infra.Reports", "..\Infra.Reports\Infra.Reports.csproj", "{CD9FC9C5-A958-47AA-B08C-E76A9CE67546}"
EndProject
Project("{9A19103F-16F7-4668-BE54-9A1E7A4F7556}") = "Infra", "..\Infra\Infra.csproj", "{1D8AB458-A88A-4F93-BA78-7C163A0F593C}"
EndProject
Global
	GlobalSection(SolutionConfigurationPlatforms) = preSolution
		Debug|Any CPU = Debug|Any CPU
		Release|Any CPU = Release|Any CPU
	EndGlobalSection
	GlobalSection(ProjectConfigurationPlatforms) = postSolution
		{E3F7B49D-A385-4457-B6B5-A8E3BE6B3654}.Debug|Any CPU.ActiveCfg = Debug|Any CPU
		{E3F7B49D-A385-4457-B6B5-A8E3BE6B3654}.Debug|Any CPU.Build.0 = Debug|Any CPU
		{E3F7B49D-A385-4457-B6B5-A8E3BE6B3654}.Release|Any CPU.ActiveCfg = Release|Any CPU
		{E3F7B49D-A385-4457-B6B5-A8E3BE6B3654}.Release|Any CPU.Build.0 = Release|Any CPU
		{4F21A0EC-3412-4B7E-9667-8281D6872F7F}.Debug|Any CPU.ActiveCfg = Debug|Any CPU
		{4F21A0EC-3412-4B7E-9667-8281D6872F7F}.Debug|Any CPU.Build.0 = Debug|Any CPU
		{4F21A0EC-3412-4B7E-9667-8281D6872F7F}.Release|Any CPU.ActiveCfg = Release|Any CPU
		{4F21A0EC-3412-4B7E-9667-8281D6872F7F}.Release|Any CPU.Build.0 = Release|Any CPU
		{CD9FC9C5-A958-47AA-B08C-E76A9CE67546}.Debug|Any CPU.ActiveCfg = Debug|Any CPU
		{CD9FC9C5-A958-47AA-B08C-E76A9CE67546}.Debug|Any CPU.Build.0 = Debug|Any CPU
		{CD9FC9C5-A958-47AA-B08C-E76A9CE67546}.Release|Any CPU.ActiveCfg = Release|Any CPU
		{CD9FC9C5-A958-47AA-B08C-E76A9CE67546}.Release|Any CPU.Build.0 = Release|Any CPU
		{1D8AB458-A88A-4F93-BA78-7C163A0F593C}.Debug|Any CPU.ActiveCfg = Debug|Any CPU
		{1D8AB458-A88A-4F93-BA78-7C163A0F593C}.Debug|Any CPU.Build.0 = Debug|Any CPU
		{1D8AB458-A88A-4F93-BA78-7C163A0F593C}.Release|Any CPU.ActiveCfg = Release|Any CPU
		{1D8AB458-A88A-4F93-BA78-7C163A0F593C}.Release|Any CPU.Build.0 = Release|Any CPU
	EndGlobalSection
	GlobalSection(SolutionProperties) = preSolution
		HideSolutionNode = FALSE
	EndGlobalSection
	GlobalSection(ExtensibilityGlobals) = postSolution
		SolutionGuid = {2693C482-6B93-4DBA-91A7-4E495DBB2A31}
	EndGlobalSection
EndGlobal
