Microsoft Visual Studio Solution File, Format Version 12.00
# Visual Studio Version 17
VisualStudioVersion = 17.8.34511.84
MinimumVisualStudioVersion = 10.0.40219.1
Project("{9A19103F-16F7-4668-BE54-9A1E7A4F7556}") = "Api", "Api.csproj", "{E3F7B49D-A385-4457-B6B5-A8E3BE6B3654}"
EndProject
Project("{9A19103F-16F7-4668-BE54-9A1E7A4F7556}") = "Application", "..\Application\Application.csproj", "{30267C24-B407-474A-A13F-BDCFF3EDB270}"
EndProject
Project("{9A19103F-16F7-4668-BE54-9A1E7A4F7556}") = "Infra.Reports.Razor", "..\Infra.Reports.Razor\Infra.Reports.Razor.csproj", "{0022410C-96EF-499B-A304-603837CA38B8}"
EndProject
Global
	GlobalSection(SolutionConfigurationPlatforms) = preSolution
		Debug|Any CPU = Debug|Any CPU
		Release|Any CPU = Release|Any CPU
	EndGlobalSection
	GlobalSection(ProjectConfigurationPlatforms) = postSolution
		{E3F7B49D-A385-4457-B6B5-A8E3BE6B3654}.Debug|Any CPU.ActiveCfg = Debug|Any CPU
		{E3F7B49D-A385-4457-B6B5-A8E3BE6B3654}.Debug|Any CPU.Build.0 = Debug|Any CPU
		{E3F7B49D-A385-4457-B6B5-A8E3BE6B3654}.Release|Any CPU.ActiveCfg = Release|Any CPU
		{E3F7B49D-A385-4457-B6B5-A8E3BE6B3654}.Release|Any CPU.Build.0 = Release|Any CPU
		{30267C24-B407-474A-A13F-BDCFF3EDB270}.Debug|Any CPU.ActiveCfg = Debug|Any CPU
		{30267C24-B407-474A-A13F-BDCFF3EDB270}.Debug|Any CPU.Build.0 = Debug|Any CPU
		{30267C24-B407-474A-A13F-BDCFF3EDB270}.Release|Any CPU.ActiveCfg = Release|Any CPU
		{30267C24-B407-474A-A13F-BDCFF3EDB270}.Release|Any CPU.Build.0 = Release|Any CPU
		{0022410C-96EF-499B-A304-603837CA38B8}.Debug|Any CPU.ActiveCfg = Debug|Any CPU
		{0022410C-96EF-499B-A304-603837CA38B8}.Debug|Any CPU.Build.0 = Debug|Any CPU
		{0022410C-96EF-499B-A304-603837CA38B8}.Release|Any CPU.ActiveCfg = Release|Any CPU
		{0022410C-96EF-499B-A304-603837CA38B8}.Release|Any CPU.Build.0 = Release|Any CPU
	EndGlobalSection
	GlobalSection(SolutionProperties) = preSolution
		HideSolutionNode = FALSE
	EndGlobalSection
	GlobalSection(ExtensibilityGlobals) = postSolution
		SolutionGuid = {2693C482-6B93-4DBA-91A7-4E495DBB2A31}
	EndGlobalSection
EndGlobal
